
Microsoft Visual Studio Solution File, Format Version 12.00
# Visual Studio Version 16
VisualStudioVersion = 16.0.29728.190
MinimumVisualStudioVersion = 10.0.40219.1
Project("{9A19103F-16F7-4668-BE54-9A1E7A4F7556}") = "BookLibrary.Management.WebApi", "BookLibrary.Management.WebApi\BookLibrary.Management.WebApi.csproj", "{7ED423EC-FC88-48D3-BF93-6D8F11B78A15}"
EndProject
Project("{9A19103F-16F7-4668-BE54-9A1E7A4F7556}") = "BookLibrary.Management.UnitTest", "BookLibrary.Management.UnitTest\BookLibrary.Management.UnitTest.csproj", "{8B8CD0EF-BF11-4837-9AC5-DC8A406FB2C4}"
EndProject
Project("{9A19103F-16F7-4668-BE54-9A1E7A4F7556}") = "BookLibrary.Management.BusinessLogicLayer", "BookLibrary.Management.BusinessLogic\BookLibrary.Management.BusinessLogicLayer.csproj", "{16F192A0-DE69-48F6-9272-E190ECCAFED6}"
EndProject
Project("{9A19103F-16F7-4668-BE54-9A1E7A4F7556}") = "BookLibrary.Management.MssqlDataAccessLayer", "BookLibrary.Management.MssqlDataAccessLayer\BookLibrary.Management.MssqlDataAccessLayer.csproj", "{2C255FFD-125D-403B-989B-7E6280037E0E}"
EndProject
Project("{9A19103F-16F7-4668-BE54-9A1E7A4F7556}") = "BookLibrary.Management.DataAccessLayer", "BookLibrary.Management.DataAccessLayer\BookLibrary.Management.DataAccessLayer.csproj", "{0D3B1B0B-A5E1-46BB-91A8-4ABD99D6D142}"
EndProject
Global
	GlobalSection(SolutionConfigurationPlatforms) = preSolution
		Debug|Any CPU = Debug|Any CPU
		Release|Any CPU = Release|Any CPU
	EndGlobalSection
	GlobalSection(ProjectConfigurationPlatforms) = postSolution
		{7ED423EC-FC88-48D3-BF93-6D8F11B78A15}.Debug|Any CPU.ActiveCfg = Debug|Any CPU
		{7ED423EC-FC88-48D3-BF93-6D8F11B78A15}.Debug|Any CPU.Build.0 = Debug|Any CPU
		{7ED423EC-FC88-48D3-BF93-6D8F11B78A15}.Release|Any CPU.ActiveCfg = Release|Any CPU
		{7ED423EC-FC88-48D3-BF93-6D8F11B78A15}.Release|Any CPU.Build.0 = Release|Any CPU
		{8B8CD0EF-BF11-4837-9AC5-DC8A406FB2C4}.Debug|Any CPU.ActiveCfg = Debug|Any CPU
		{8B8CD0EF-BF11-4837-9AC5-DC8A406FB2C4}.Debug|Any CPU.Build.0 = Debug|Any CPU
		{8B8CD0EF-BF11-4837-9AC5-DC8A406FB2C4}.Release|Any CPU.ActiveCfg = Release|Any CPU
		{8B8CD0EF-BF11-4837-9AC5-DC8A406FB2C4}.Release|Any CPU.Build.0 = Release|Any CPU
		{16F192A0-DE69-48F6-9272-E190ECCAFED6}.Debug|Any CPU.ActiveCfg = Debug|Any CPU
		{16F192A0-DE69-48F6-9272-E190ECCAFED6}.Debug|Any CPU.Build.0 = Debug|Any CPU
		{16F192A0-DE69-48F6-9272-E190ECCAFED6}.Release|Any CPU.ActiveCfg = Release|Any CPU
		{16F192A0-DE69-48F6-9272-E190ECCAFED6}.Release|Any CPU.Build.0 = Release|Any CPU
		{2C255FFD-125D-403B-989B-7E6280037E0E}.Debug|Any CPU.ActiveCfg = Debug|Any CPU
		{2C255FFD-125D-403B-989B-7E6280037E0E}.Debug|Any CPU.Build.0 = Debug|Any CPU
		{2C255FFD-125D-403B-989B-7E6280037E0E}.Release|Any CPU.ActiveCfg = Release|Any CPU
		{2C255FFD-125D-403B-989B-7E6280037E0E}.Release|Any CPU.Build.0 = Release|Any CPU
		{0D3B1B0B-A5E1-46BB-91A8-4ABD99D6D142}.Debug|Any CPU.ActiveCfg = Debug|Any CPU
		{0D3B1B0B-A5E1-46BB-91A8-4ABD99D6D142}.Debug|Any CPU.Build.0 = Debug|Any CPU
		{0D3B1B0B-A5E1-46BB-91A8-4ABD99D6D142}.Release|Any CPU.ActiveCfg = Release|Any CPU
		{0D3B1B0B-A5E1-46BB-91A8-4ABD99D6D142}.Release|Any CPU.Build.0 = Release|Any CPU
	EndGlobalSection
	GlobalSection(SolutionProperties) = preSolution
		HideSolutionNode = FALSE
	EndGlobalSection
	GlobalSection(ExtensibilityGlobals) = postSolution
		SolutionGuid = {5E8A0CAF-55F2-4226-A0CC-1A16B5CE6E0E}
	EndGlobalSection
EndGlobal
